
Microsoft Visual Studio Solution File, Format Version 10.00
# Visual Studio 2008
Project("{F184B08F-C81C-45F6-A57F-5ABD9991F28F}") = "CDWorkFlow", "CDWorkFlow\CDWorkFlow.vbproj", "{0DA00053-0E97-4E2F-9EE5-C4F88A1F9148}"
EndProject
Project("{54435603-DBB4-11D2-8724-00A0C9A8B90C}") = "CDWorkFlowSetup", "CDWorkFlowSetup\CDWorkFlowSetup.vdproj", "{68ECECC5-4830-4ECF-B129-CD7AAECCD4BC}"
EndProject
Global
	GlobalSection(SolutionConfigurationPlatforms) = preSolution
		Debug|Any CPU = Debug|Any CPU
		Release|Any CPU = Release|Any CPU
	EndGlobalSection
	GlobalSection(ProjectConfigurationPlatforms) = postSolution
		{0DA00053-0E97-4E2F-9EE5-C4F88A1F9148}.Debug|Any CPU.ActiveCfg = Debug|Any CPU
		{0DA00053-0E97-4E2F-9EE5-C4F88A1F9148}.Debug|Any CPU.Build.0 = Debug|Any CPU
		{0DA00053-0E97-4E2F-9EE5-C4F88A1F9148}.Release|Any CPU.ActiveCfg = Release|Any CPU
		{0DA00053-0E97-4E2F-9EE5-C4F88A1F9148}.Release|Any CPU.Build.0 = Release|Any CPU
		{68ECECC5-4830-4ECF-B129-CD7AAECCD4BC}.Debug|Any CPU.ActiveCfg = Debug
		{68ECECC5-4830-4ECF-B129-CD7AAECCD4BC}.Release|Any CPU.ActiveCfg = Release
	EndGlobalSection
	GlobalSection(SolutionProperties) = preSolution
		HideSolutionNode = FALSE
	EndGlobalSection
EndGlobal
